# THIS IS AN AUTOGENERATED FILE. DO NOT EDIT THIS FILE DIRECTLY.
# yarn lockfile v1


"@fortawesome/fontawesome-free@^6.1.1":
  version "6.1.1"
  resolved "https://registry.yarnpkg.com/@fortawesome/fontawesome-free/-/fontawesome-free-6.1.1.tgz#bf5d45611ab74890be386712a0e5d998c65ee2a1"
  integrity sha512-J/3yg2AIXc9wznaVqpHVX3Wa5jwKovVF0AMYSnbmcXTiL3PpRPfF58pzWucCwEiCJBp+hCNRLWClTomD8SseKg==

bulma-pageloader@^0.3.0:
  version "0.3.0"
  resolved "https://registry.yarnpkg.com/bulma-pageloader/-/bulma-pageloader-0.3.0.tgz#94a4ff7d9129cbe01dbc5cae4e64508e13563cf1"
  integrity sha512-lbahiqhBCov5AYdziHFnC5/JOhCrJWFTpdRiAkwW49IM/mf0whCWHVe8MuejZFu2PEs1mtH8Gnz8exEks4Q+7g==

bulma-pricingtable@^0.2.0:
  version "0.2.0"
  resolved "https://registry.yarnpkg.com/bulma-pricingtable/-/bulma-pricingtable-0.2.0.tgz#d4bb5827c6859a4303be1474644d10b1e5a579ed"
  integrity sha512-4feDoGG5kxfzYNo+eplIbofEerO2FjwJgWoTdM1K8frU1eMHzd2Beh0Jo+18Q0N/83l+YxZydxw/xPijbCOsdQ==

bulma@^0.9.4:
  version "0.9.4"
  resolved "https://registry.yarnpkg.com/bulma/-/bulma-0.9.4.tgz#0ca8aeb1847a34264768dba26a064c8be72674a1"
  integrity sha512-86FlT5+1GrsgKbPLRRY7cGDg8fsJiP/jzTqXXVqiUZZ2aZT8uemEOHlU1CDU+TxklPEZ11HZNNWclRBBecP4CQ==
